
Microsoft Visual Studio Solution File, Format Version 12.00
# Visual Studio Version 17
VisualStudioVersion = 17.8.34511.84
MinimumVisualStudioVersion = 10.0.40219.1
Project("{FAE04EC0-301F-11D3-BF4B-00C04F79EFBC}") = "Kaktuz Company", "Kaktuz Company\Kaktuz Company.csproj", "{71D44100-33AB-4C5E-9210-9EBA3B0644A2}"
EndProject
Global
	GlobalSection(SolutionConfigurationPlatforms) = preSolution
		Debug|Any CPU = Debug|Any CPU
		Release|Any CPU = Release|Any CPU
	EndGlobalSection
	GlobalSection(ProjectConfigurationPlatforms) = postSolution
		{71D44100-33AB-4C5E-9210-9EBA3B0644A2}.Debug|Any CPU.ActiveCfg = Debug|Any CPU
		{71D44100-33AB-4C5E-9210-9EBA3B0644A2}.Debug|Any CPU.Build.0 = Debug|Any CPU
		{71D44100-33AB-4C5E-9210-9EBA3B0644A2}.Release|Any CPU.ActiveCfg = Release|Any CPU
		{71D44100-33AB-4C5E-9210-9EBA3B0644A2}.Release|Any CPU.Build.0 = Release|Any CPU
	EndGlobalSection
	GlobalSection(SolutionProperties) = preSolution
		HideSolutionNode = FALSE
	EndGlobalSection
	GlobalSection(ExtensibilityGlobals) = postSolution
		SolutionGuid = {2DE89135-913E-434C-8E64-C20E217B3B55}
	EndGlobalSection
EndGlobal
